// !$*UTF8*$!
{
	archiveVersion = 1;
	classes = {
	};
	objectVersion = 46;
	objects = {

/* Begin PBXBuildFile section */
		8310BDE5171A7F9D007E4224 /* ARKSprite.m in Sources */ = {isa = PBXBuildFile; fileRef = 8310BDE4171A7F9D007E4224 /* ARKSprite.m */; };
		8310BDEB171BC673007E4224 /* ARKBitmapFont.m in Sources */ = {isa = PBXBuildFile; fileRef = 8310BDEA171BC673007E4224 /* ARKBitmapFont.m */; };
		8310BDEE171BCC4F007E4224 /* ARKiOSBitmapFont.m in Sources */ = {isa = PBXBuildFile; fileRef = 8310BDED171BCC4F007E4224 /* ARKiOSBitmapFont.m */; };
		8310BDF1171C00EC007E4224 /* ARKBitmapChar.m in Sources */ = {isa = PBXBuildFile; fileRef = 8310BDF0171C00EC007E4224 /* ARKBitmapChar.m */; };
		8310BDF5171C0AC0007E4224 /* pixel.json in Resources */ = {isa = PBXBuildFile; fileRef = 8310BDF4171C0AC0007E4224 /* pixel.json */; };
		832FB280171525F100E73D11 /* ARKTexture.m in Sources */ = {isa = PBXBuildFile; fileRef = 832FB27F171525F100E73D11 /* ARKTexture.m */; };
		832FB2831715275A00E73D11 /* ARKiOSTexture.m in Sources */ = {isa = PBXBuildFile; fileRef = 832FB2821715275A00E73D11 /* ARKiOSTexture.m */; };
		832FB28D171562E200E73D11 /* textures in Resources */ = {isa = PBXBuildFile; fileRef = 832FB28C171562E200E73D11 /* textures */; };
		832FB2941715DB2100E73D11 /* ARKResourceManager.m in Sources */ = {isa = PBXBuildFile; fileRef = 832FB2931715DB2100E73D11 /* ARKResourceManager.m */; };
		832FB2981715DB9D00E73D11 /* ARKiOSResourceManager.m in Sources */ = {isa = PBXBuildFile; fileRef = 832FB2971715DB9D00E73D11 /* ARKiOSResourceManager.m */; };
		832FB29A1716ACC200E73D11 /* ship.json in Resources */ = {isa = PBXBuildFile; fileRef = 832FB2991716ACC200E73D11 /* ship.json */; };
		832FB29D1716B5A700E73D11 /* ARKLoadable.m in Sources */ = {isa = PBXBuildFile; fileRef = 832FB29C1716B5A700E73D11 /* ARKLoadable.m */; };
		832FB2A01716C42200E73D11 /* ARKLoadableTexture.m in Sources */ = {isa = PBXBuildFile; fileRef = 832FB29F1716C42200E73D11 /* ARKLoadableTexture.m */; };
		832FB2A3171807F500E73D11 /* ARKUtilities.m in Sources */ = {isa = PBXBuildFile; fileRef = 832FB2A2171807F500E73D11 /* ARKUtilities.m */; };
		832FB2A81718226B00E73D11 /* ARKiOSUtilities.m in Sources */ = {isa = PBXBuildFile; fileRef = 832FB2A71718226B00E73D11 /* ARKiOSUtilities.m */; };
		832FB2AD1719936A00E73D11 /* ARKGameState.m in Sources */ = {isa = PBXBuildFile; fileRef = 832FB2AC1719936A00E73D11 /* ARKGameState.m */; };
		832FB2BA1719D47100E73D11 /* ARKAccelerometerInfo.m in Sources */ = {isa = PBXBuildFile; fileRef = 832FB2B91719D47100E73D11 /* ARKAccelerometerInfo.m */; };
		832FB2BD171A5CFC00E73D11 /* ARKTouchInfo.m in Sources */ = {isa = PBXBuildFile; fileRef = 832FB2BC171A5CFC00E73D11 /* ARKTouchInfo.m */; };
		832FB2C4171A685800E73D11 /* ARKRecordWriter.m in Sources */ = {isa = PBXBuildFile; fileRef = 832FB2C3171A685200E73D11 /* ARKRecordWriter.m */; };
		832FB2C7171A68EE00E73D11 /* ARKiOSRecordWriter.m in Sources */ = {isa = PBXBuildFile; fileRef = 832FB2C6171A68EE00E73D11 /* ARKiOSRecordWriter.m */; };
		837736641710285400F3C5E9 /* ARKImage.m in Sources */ = {isa = PBXBuildFile; fileRef = 837736631710285400F3C5E9 /* ARKImage.m */; };
		8377366817102E2300F3C5E9 /* ARKDrawable.m in Sources */ = {isa = PBXBuildFile; fileRef = 8377366717102E2300F3C5E9 /* ARKDrawable.m */; };
		8377366B17103ED900F3C5E9 /* ARKCroppable.m in Sources */ = {isa = PBXBuildFile; fileRef = 8377366A17103ED900F3C5E9 /* ARKCroppable.m */; };
		8377366E171046EB00F3C5E9 /* ARKiOSImage.m in Sources */ = {isa = PBXBuildFile; fileRef = 8377366D171046EB00F3C5E9 /* ARKiOSImage.m */; };
		8379C492171EF1D1005F457C /* ARKLabel.m in Sources */ = {isa = PBXBuildFile; fileRef = 8379C491171EF1D1005F457C /* ARKLabel.m */; };
		8379C495171F0A3D005F457C /* ARKiOSLabel.m in Sources */ = {isa = PBXBuildFile; fileRef = 8379C494171F0A3D005F457C /* ARKiOSLabel.m */; };
		8379C49B171F0AF0005F457C /* ARKiOSSprite.m in Sources */ = {isa = PBXBuildFile; fileRef = 8379C49A171F0AF0005F457C /* ARKiOSSprite.m */; };
		83A8883A170F6AD100A61787 /* UIKit.framework in Frameworks */ = {isa = PBXBuildFile; fileRef = 83A88839170F6AD100A61787 /* UIKit.framework */; };
		83A8883C170F6AD100A61787 /* Foundation.framework in Frameworks */ = {isa = PBXBuildFile; fileRef = 83A8883B170F6AD100A61787 /* Foundation.framework */; };
		83A8883E170F6AD100A61787 /* CoreGraphics.framework in Frameworks */ = {isa = PBXBuildFile; fileRef = 83A8883D170F6AD100A61787 /* CoreGraphics.framework */; };
		83A88840170F6AD100A61787 /* GLKit.framework in Frameworks */ = {isa = PBXBuildFile; fileRef = 83A8883F170F6AD100A61787 /* GLKit.framework */; };
		83A88842170F6AD100A61787 /* OpenGLES.framework in Frameworks */ = {isa = PBXBuildFile; fileRef = 83A88841170F6AD100A61787 /* OpenGLES.framework */; };
		83A88848170F6AD100A61787 /* InfoPlist.strings in Resources */ = {isa = PBXBuildFile; fileRef = 83A88846170F6AD100A61787 /* InfoPlist.strings */; };
		83A8884A170F6AD100A61787 /* main.m in Sources */ = {isa = PBXBuildFile; fileRef = 83A88849170F6AD100A61787 /* main.m */; };
		83A8884E170F6AD100A61787 /* AppDelegate.m in Sources */ = {isa = PBXBuildFile; fileRef = 83A8884D170F6AD100A61787 /* AppDelegate.m */; };
		83A88850170F6AD100A61787 /* Default.png in Resources */ = {isa = PBXBuildFile; fileRef = 83A8884F170F6AD100A61787 /* Default.png */; };
		83A88852170F6AD100A61787 /* Default@2x.png in Resources */ = {isa = PBXBuildFile; fileRef = 83A88851170F6AD100A61787 /* Default@2x.png */; };
		83A88854170F6AD100A61787 /* Default-568h@2x.png in Resources */ = {isa = PBXBuildFile; fileRef = 83A88853170F6AD100A61787 /* Default-568h@2x.png */; };
		83A8885B170F6AD100A61787 /* ViewController.m in Sources */ = {isa = PBXBuildFile; fileRef = 83A8885A170F6AD100A61787 /* ViewController.m */; };
		83A8885E170F6AD100A61787 /* ViewController_iPhone.xib in Resources */ = {isa = PBXBuildFile; fileRef = 83A8885C170F6AD100A61787 /* ViewController_iPhone.xib */; };
		83A88861170F6AD100A61787 /* ViewController_iPad.xib in Resources */ = {isa = PBXBuildFile; fileRef = 83A8885F170F6AD100A61787 /* ViewController_iPad.xib */; };
/* End PBXBuildFile section */

/* Begin PBXFileReference section */
		8310BDE3171A7F9D007E4224 /* ARKSprite.h */ = {isa = PBXFileReference; fileEncoding = 4; lastKnownFileType = sourcecode.c.h; name = ARKSprite.h; path = system/image/ARKSprite.h; sourceTree = "<group>"; };
		8310BDE4171A7F9D007E4224 /* ARKSprite.m */ = {isa = PBXFileReference; fileEncoding = 4; lastKnownFileType = sourcecode.c.objc; name = ARKSprite.m; path = system/image/ARKSprite.m; sourceTree = "<group>"; };
		8310BDE9171BC672007E4224 /* ARKBitmapFont.h */ = {isa = PBXFileReference; fileEncoding = 4; lastKnownFileType = sourcecode.c.h; name = ARKBitmapFont.h; path = system/image/ARKBitmapFont.h; sourceTree = "<group>"; };
		8310BDEA171BC673007E4224 /* ARKBitmapFont.m */ = {isa = PBXFileReference; fileEncoding = 4; lastKnownFileType = sourcecode.c.objc; name = ARKBitmapFont.m; path = system/image/ARKBitmapFont.m; sourceTree = "<group>"; };
		8310BDEC171BCC4F007E4224 /* ARKiOSBitmapFont.h */ = {isa = PBXFileReference; fileEncoding = 4; lastKnownFileType = sourcecode.c.h; name = ARKiOSBitmapFont.h; path = system/image/iOS/ARKiOSBitmapFont.h; sourceTree = "<group>"; };
		8310BDED171BCC4F007E4224 /* ARKiOSBitmapFont.m */ = {isa = PBXFileReference; fileEncoding = 4; lastKnownFileType = sourcecode.c.objc; name = ARKiOSBitmapFont.m; path = system/image/iOS/ARKiOSBitmapFont.m; sourceTree = "<group>"; };
		8310BDEF171C00EC007E4224 /* ARKBitmapChar.h */ = {isa = PBXFileReference; fileEncoding = 4; lastKnownFileType = sourcecode.c.h; name = ARKBitmapChar.h; path = system/image/iOS/ARKBitmapChar.h; sourceTree = "<group>"; };
		8310BDF0171C00EC007E4224 /* ARKBitmapChar.m */ = {isa = PBXFileReference; fileEncoding = 4; lastKnownFileType = sourcecode.c.objc; name = ARKBitmapChar.m; path = system/image/iOS/ARKBitmapChar.m; sourceTree = "<group>"; };
		8310BDF4171C0AC0007E4224 /* pixel.json */ = {isa = PBXFileReference; fileEncoding = 4; lastKnownFileType = text.json; name = pixel.json; path = assets/data/font/pixel.json; sourceTree = "<group>"; };
		832FB27E171525F100E73D11 /* ARKTexture.h */ = {isa = PBXFileReference; fileEncoding = 4; lastKnownFileType = sourcecode.c.h; name = ARKTexture.h; path = system/image/ARKTexture.h; sourceTree = "<group>"; };
		832FB27F171525F100E73D11 /* ARKTexture.m */ = {isa = PBXFileReference; fileEncoding = 4; lastKnownFileType = sourcecode.c.objc; name = ARKTexture.m; path = system/image/ARKTexture.m; sourceTree = "<group>"; };
		832FB2811715275A00E73D11 /* ARKiOSTexture.h */ = {isa = PBXFileReference; fileEncoding = 4; lastKnownFileType = sourcecode.c.h; name = ARKiOSTexture.h; path = system/image/iOS/ARKiOSTexture.h; sourceTree = "<group>"; };
		832FB2821715275A00E73D11 /* ARKiOSTexture.m */ = {isa = PBXFileReference; fileEncoding = 4; lastKnownFileType = sourcecode.c.objc; name = ARKiOSTexture.m; path = system/image/iOS/ARKiOSTexture.m; sourceTree = "<group>"; };
		832FB28C171562E200E73D11 /* textures */ = {isa = PBXFileReference; lastKnownFileType = folder; name = textures; path = assets/textures; sourceTree = "<group>"; };
		832FB2921715DB2100E73D11 /* ARKResourceManager.h */ = {isa = PBXFileReference; fileEncoding = 4; lastKnownFileType = sourcecode.c.h; name = ARKResourceManager.h; path = system/resource/ARKResourceManager.h; sourceTree = "<group>"; };
		832FB2931715DB2100E73D11 /* ARKResourceManager.m */ = {isa = PBXFileReference; fileEncoding = 4; lastKnownFileType = sourcecode.c.objc; name = ARKResourceManager.m; path = system/resource/ARKResourceManager.m; sourceTree = "<group>"; };
		832FB2961715DB9D00E73D11 /* ARKiOSResourceManager.h */ = {isa = PBXFileReference; fileEncoding = 4; lastKnownFileType = sourcecode.c.h; name = ARKiOSResourceManager.h; path = system/resource/iOS/ARKiOSResourceManager.h; sourceTree = "<group>"; };
		832FB2971715DB9D00E73D11 /* ARKiOSResourceManager.m */ = {isa = PBXFileReference; fileEncoding = 4; lastKnownFileType = sourcecode.c.objc; name = ARKiOSResourceManager.m; path = system/resource/iOS/ARKiOSResourceManager.m; sourceTree = "<group>"; };
		832FB2991716ACC200E73D11 /* ship.json */ = {isa = PBXFileReference; fileEncoding = 4; lastKnownFileType = text.json; name = ship.json; path = assets/images/game/ship.json; sourceTree = "<group>"; };
		832FB29B1716B5A700E73D11 /* ARKLoadable.h */ = {isa = PBXFileReference; fileEncoding = 4; lastKnownFileType = sourcecode.c.h; name = ARKLoadable.h; path = system/resource/ARKLoadable.h; sourceTree = "<group>"; };
		832FB29C1716B5A700E73D11 /* ARKLoadable.m */ = {isa = PBXFileReference; fileEncoding = 4; lastKnownFileType = sourcecode.c.objc; name = ARKLoadable.m; path = system/resource/ARKLoadable.m; sourceTree = "<group>"; };
		832FB29E1716C42200E73D11 /* ARKLoadableTexture.h */ = {isa = PBXFileReference; fileEncoding = 4; lastKnownFileType = sourcecode.c.h; name = ARKLoadableTexture.h; path = system/resource/ARKLoadableTexture.h; sourceTree = "<group>"; };
		832FB29F1716C42200E73D11 /* ARKLoadableTexture.m */ = {isa = PBXFileReference; fileEncoding = 4; lastKnownFileType = sourcecode.c.objc; name = ARKLoadableTexture.m; path = system/resource/ARKLoadableTexture.m; sourceTree = "<group>"; };
		832FB2A1171807F400E73D11 /* ARKUtilities.h */ = {isa = PBXFileReference; fileEncoding = 4; lastKnownFileType = sourcecode.c.h; name = ARKUtilities.h; path = system/ARKUtilities.h; sourceTree = "<group>"; };
		832FB2A2171807F500E73D11 /* ARKUtilities.m */ = {isa = PBXFileReference; fileEncoding = 4; lastKnownFileType = sourcecode.c.objc; name = ARKUtilities.m; path = system/ARKUtilities.m; sourceTree = "<group>"; };
		832FB2A4171808D000E73D11 /* ARKSystem.h */ = {isa = PBXFileReference; lastKnownFileType = sourcecode.c.h; name = ARKSystem.h; path = system/ARKSystem.h; sourceTree = "<group>"; };
		832FB2A61718226B00E73D11 /* ARKiOSUtilities.h */ = {isa = PBXFileReference; fileEncoding = 4; lastKnownFileType = sourcecode.c.h; name = ARKiOSUtilities.h; path = system/iOS/ARKiOSUtilities.h; sourceTree = "<group>"; };
		832FB2A71718226B00E73D11 /* ARKiOSUtilities.m */ = {isa = PBXFileReference; fileEncoding = 4; lastKnownFileType = sourcecode.c.objc; name = ARKiOSUtilities.m; path = system/iOS/ARKiOSUtilities.m; sourceTree = "<group>"; };
		832FB2A91719932500E73D11 /* ARKStateFactory.h */ = {isa = PBXFileReference; lastKnownFileType = sourcecode.c.h; name = ARKStateFactory.h; path = states/ARKStateFactory.h; sourceTree = "<group>"; };
		832FB2AB1719936A00E73D11 /* ARKGameState.h */ = {isa = PBXFileReference; fileEncoding = 4; lastKnownFileType = sourcecode.c.h; name = ARKGameState.h; path = states/ARKGameState.h; sourceTree = "<group>"; };
		832FB2AC1719936A00E73D11 /* ARKGameState.m */ = {isa = PBXFileReference; fileEncoding = 4; lastKnownFileType = sourcecode.c.objc; name = ARKGameState.m; path = states/ARKGameState.m; sourceTree = "<group>"; };
		832FB2B81719D47100E73D11 /* ARKAccelerometerInfo.h */ = {isa = PBXFileReference; fileEncoding = 4; lastKnownFileType = sourcecode.c.h; name = ARKAccelerometerInfo.h; path = system/input/ARKAccelerometerInfo.h; sourceTree = "<group>"; };
		832FB2B91719D47100E73D11 /* ARKAccelerometerInfo.m */ = {isa = PBXFileReference; fileEncoding = 4; lastKnownFileType = sourcecode.c.objc; name = ARKAccelerometerInfo.m; path = system/input/ARKAccelerometerInfo.m; sourceTree = "<group>"; };
		832FB2BB171A5CFC00E73D11 /* ARKTouchInfo.h */ = {isa = PBXFileReference; fileEncoding = 4; lastKnownFileType = sourcecode.c.h; name = ARKTouchInfo.h; path = system/input/ARKTouchInfo.h; sourceTree = "<group>"; };
		832FB2BC171A5CFC00E73D11 /* ARKTouchInfo.m */ = {isa = PBXFileReference; fileEncoding = 4; lastKnownFileType = sourcecode.c.objc; name = ARKTouchInfo.m; path = system/input/ARKTouchInfo.m; sourceTree = "<group>"; };
		832FB2C2171A685000E73D11 /* ARKRecordWriter.h */ = {isa = PBXFileReference; fileEncoding = 4; lastKnownFileType = sourcecode.c.h; name = ARKRecordWriter.h; path = system/ARKRecordWriter.h; sourceTree = "<group>"; };
		832FB2C3171A685200E73D11 /* ARKRecordWriter.m */ = {isa = PBXFileReference; fileEncoding = 4; lastKnownFileType = sourcecode.c.objc; name = ARKRecordWriter.m; path = system/ARKRecordWriter.m; sourceTree = "<group>"; };
		832FB2C5171A68EE00E73D11 /* ARKiOSRecordWriter.h */ = {isa = PBXFileReference; fileEncoding = 4; lastKnownFileType = sourcecode.c.h; name = ARKiOSRecordWriter.h; path = system/iOS/ARKiOSRecordWriter.h; sourceTree = "<group>"; };
		832FB2C6171A68EE00E73D11 /* ARKiOSRecordWriter.m */ = {isa = PBXFileReference; fileEncoding = 4; lastKnownFileType = sourcecode.c.objc; name = ARKiOSRecordWriter.m; path = system/iOS/ARKiOSRecordWriter.m; sourceTree = "<group>"; };
		837736621710285400F3C5E9 /* ARKImage.h */ = {isa = PBXFileReference; fileEncoding = 4; lastKnownFileType = sourcecode.c.h; name = ARKImage.h; path = system/image/ARKImage.h; sourceTree = "<group>"; };
		837736631710285400F3C5E9 /* ARKImage.m */ = {isa = PBXFileReference; fileEncoding = 4; lastKnownFileType = sourcecode.c.objc; name = ARKImage.m; path = system/image/ARKImage.m; sourceTree = "<group>"; };
		8377366617102E2300F3C5E9 /* ARKDrawable.h */ = {isa = PBXFileReference; fileEncoding = 4; lastKnownFileType = sourcecode.c.h; name = ARKDrawable.h; path = components/ARKDrawable.h; sourceTree = "<group>"; };
		8377366717102E2300F3C5E9 /* ARKDrawable.m */ = {isa = PBXFileReference; fileEncoding = 4; lastKnownFileType = sourcecode.c.objc; name = ARKDrawable.m; path = components/ARKDrawable.m; sourceTree = "<group>"; };
		8377366917103ED900F3C5E9 /* ARKCroppable.h */ = {isa = PBXFileReference; fileEncoding = 4; lastKnownFileType = sourcecode.c.h; name = ARKCroppable.h; path = components/ARKCroppable.h; sourceTree = "<group>"; };
		8377366A17103ED900F3C5E9 /* ARKCroppable.m */ = {isa = PBXFileReference; fileEncoding = 4; lastKnownFileType = sourcecode.c.objc; name = ARKCroppable.m; path = components/ARKCroppable.m; sourceTree = "<group>"; };
		8377366C171046EB00F3C5E9 /* ARKiOSImage.h */ = {isa = PBXFileReference; fileEncoding = 4; lastKnownFileType = sourcecode.c.h; name = ARKiOSImage.h; path = system/image/iOS/ARKiOSImage.h; sourceTree = "<group>"; };
		8377366D171046EB00F3C5E9 /* ARKiOSImage.m */ = {isa = PBXFileReference; fileEncoding = 4; lastKnownFileType = sourcecode.c.objc; name = ARKiOSImage.m; path = system/image/iOS/ARKiOSImage.m; sourceTree = "<group>"; };
		8379C490171EF1D1005F457C /* ARKLabel.h */ = {isa = PBXFileReference; fileEncoding = 4; lastKnownFileType = sourcecode.c.h; name = ARKLabel.h; path = system/image/ARKLabel.h; sourceTree = "<group>"; };
		8379C491171EF1D1005F457C /* ARKLabel.m */ = {isa = PBXFileReference; fileEncoding = 4; lastKnownFileType = sourcecode.c.objc; name = ARKLabel.m; path = system/image/ARKLabel.m; sourceTree = "<group>"; };
		8379C493171F0A3D005F457C /* ARKiOSLabel.h */ = {isa = PBXFileReference; fileEncoding = 4; lastKnownFileType = sourcecode.c.h; name = ARKiOSLabel.h; path = system/image/iOS/ARKiOSLabel.h; sourceTree = "<group>"; };
		8379C494171F0A3D005F457C /* ARKiOSLabel.m */ = {isa = PBXFileReference; fileEncoding = 4; lastKnownFileType = sourcecode.c.objc; name = ARKiOSLabel.m; path = system/image/iOS/ARKiOSLabel.m; sourceTree = "<group>"; };
		8379C499171F0AF0005F457C /* ARKiOSSprite.h */ = {isa = PBXFileReference; fileEncoding = 4; lastKnownFileType = sourcecode.c.h; name = ARKiOSSprite.h; path = system/image/iOS/ARKiOSSprite.h; sourceTree = "<group>"; };
		8379C49A171F0AF0005F457C /* ARKiOSSprite.m */ = {isa = PBXFileReference; fileEncoding = 4; lastKnownFileType = sourcecode.c.objc; name = ARKiOSSprite.m; path = system/image/iOS/ARKiOSSprite.m; sourceTree = "<group>"; };
		83A88836170F6AD100A61787 /* Ark Framework.app */ = {isa = PBXFileReference; explicitFileType = wrapper.application; includeInIndex = 0; path = "Ark Framework.app"; sourceTree = BUILT_PRODUCTS_DIR; };
		83A88839170F6AD100A61787 /* UIKit.framework */ = {isa = PBXFileReference; lastKnownFileType = wrapper.framework; name = UIKit.framework; path = System/Library/Frameworks/UIKit.framework; sourceTree = SDKROOT; };
		83A8883B170F6AD100A61787 /* Foundation.framework */ = {isa = PBXFileReference; lastKnownFileType = wrapper.framework; name = Foundation.framework; path = System/Library/Frameworks/Foundation.framework; sourceTree = SDKROOT; };
		83A8883D170F6AD100A61787 /* CoreGraphics.framework */ = {isa = PBXFileReference; lastKnownFileType = wrapper.framework; name = CoreGraphics.framework; path = System/Library/Frameworks/CoreGraphics.framework; sourceTree = SDKROOT; };
		83A8883F170F6AD100A61787 /* GLKit.framework */ = {isa = PBXFileReference; lastKnownFileType = wrapper.framework; name = GLKit.framework; path = System/Library/Frameworks/GLKit.framework; sourceTree = SDKROOT; };
		83A88841170F6AD100A61787 /* OpenGLES.framework */ = {isa = PBXFileReference; lastKnownFileType = wrapper.framework; name = OpenGLES.framework; path = System/Library/Frameworks/OpenGLES.framework; sourceTree = SDKROOT; };
		83A88845170F6AD100A61787 /* Ark Framework-Info.plist */ = {isa = PBXFileReference; lastKnownFileType = text.plist.xml; path = "Ark Framework-Info.plist"; sourceTree = "<group>"; };
		83A88847170F6AD100A61787 /* en */ = {isa = PBXFileReference; lastKnownFileType = text.plist.strings; name = en; path = en.lproj/InfoPlist.strings; sourceTree = "<group>"; };
		83A88849170F6AD100A61787 /* main.m */ = {isa = PBXFileReference; lastKnownFileType = sourcecode.c.objc; path = main.m; sourceTree = "<group>"; };
		83A8884B170F6AD100A61787 /* Ark Framework-Prefix.pch */ = {isa = PBXFileReference; lastKnownFileType = sourcecode.c.h; path = "Ark Framework-Prefix.pch"; sourceTree = "<group>"; };
		83A8884C170F6AD100A61787 /* AppDelegate.h */ = {isa = PBXFileReference; lastKnownFileType = sourcecode.c.h; path = AppDelegate.h; sourceTree = "<group>"; };
		83A8884D170F6AD100A61787 /* AppDelegate.m */ = {isa = PBXFileReference; lastKnownFileType = sourcecode.c.objc; path = AppDelegate.m; sourceTree = "<group>"; };
		83A8884F170F6AD100A61787 /* Default.png */ = {isa = PBXFileReference; lastKnownFileType = image.png; path = Default.png; sourceTree = "<group>"; };
		83A88851170F6AD100A61787 /* Default@2x.png */ = {isa = PBXFileReference; lastKnownFileType = image.png; path = "Default@2x.png"; sourceTree = "<group>"; };
		83A88853170F6AD100A61787 /* Default-568h@2x.png */ = {isa = PBXFileReference; lastKnownFileType = image.png; path = "Default-568h@2x.png"; sourceTree = "<group>"; };
		83A88859170F6AD100A61787 /* ViewController.h */ = {isa = PBXFileReference; lastKnownFileType = sourcecode.c.h; path = ViewController.h; sourceTree = "<group>"; };
		83A8885A170F6AD100A61787 /* ViewController.m */ = {isa = PBXFileReference; lastKnownFileType = sourcecode.c.objc; path = ViewController.m; sourceTree = "<group>"; };
		83A8885D170F6AD100A61787 /* en */ = {isa = PBXFileReference; lastKnownFileType = file.xib; name = en; path = en.lproj/ViewController_iPhone.xib; sourceTree = "<group>"; };
		83A88860170F6AD100A61787 /* en */ = {isa = PBXFileReference; lastKnownFileType = file.xib; name = en; path = en.lproj/ViewController_iPad.xib; sourceTree = "<group>"; };
/* End PBXFileReference section */

/* Begin PBXFrameworksBuildPhase section */
		83A88833170F6AD100A61787 /* Frameworks */ = {
			isa = PBXFrameworksBuildPhase;
			buildActionMask = 2147483647;
			files = (
				83A8883A170F6AD100A61787 /* UIKit.framework in Frameworks */,
				83A8883C170F6AD100A61787 /* Foundation.framework in Frameworks */,
				83A8883E170F6AD100A61787 /* CoreGraphics.framework in Frameworks */,
				83A88840170F6AD100A61787 /* GLKit.framework in Frameworks */,
				83A88842170F6AD100A61787 /* OpenGLES.framework in Frameworks */,
			);
			runOnlyForDeploymentPostprocessing = 0;
		};
/* End PBXFrameworksBuildPhase section */

/* Begin PBXGroup section */
		832FB2911715DB0200E73D11 /* Resource */ = {
			isa = PBXGroup;
			children = (
				832FB2921715DB2100E73D11 /* ARKResourceManager.h */,
				832FB2931715DB2100E73D11 /* ARKResourceManager.m */,
				832FB29B1716B5A700E73D11 /* ARKLoadable.h */,
				832FB29C1716B5A700E73D11 /* ARKLoadable.m */,
				832FB29E1716C42200E73D11 /* ARKLoadableTexture.h */,
				832FB29F1716C42200E73D11 /* ARKLoadableTexture.m */,
				832FB2951715DB7E00E73D11 /* iOS */,
			);
			name = Resource;
			sourceTree = "<group>";
		};
		832FB2951715DB7E00E73D11 /* iOS */ = {
			isa = PBXGroup;
			children = (
				832FB2961715DB9D00E73D11 /* ARKiOSResourceManager.h */,
				832FB2971715DB9D00E73D11 /* ARKiOSResourceManager.m */,
			);
			name = iOS;
			sourceTree = "<group>";
		};
		832FB2A5171821F200E73D11 /* iOS */ = {
			isa = PBXGroup;
			children = (
				832FB2A61718226B00E73D11 /* ARKiOSUtilities.h */,
				832FB2A71718226B00E73D11 /* ARKiOSUtilities.m */,
				832FB2C5171A68EE00E73D11 /* ARKiOSRecordWriter.h */,
				832FB2C6171A68EE00E73D11 /* ARKiOSRecordWriter.m */,
			);
			name = iOS;
			sourceTree = "<group>";
		};
		832FB2AA1719932D00E73D11 /* States */ = {
			isa = PBXGroup;
			children = (
				832FB2AB1719936A00E73D11 /* ARKGameState.h */,
				832FB2AC1719936A00E73D11 /* ARKGameState.m */,
				832FB2A91719932500E73D11 /* ARKStateFactory.h */,
			);
			name = States;
			sourceTree = "<group>";
		};
		832FB2B71719D43200E73D11 /* Input */ = {
			isa = PBXGroup;
			children = (
				832FB2B81719D47100E73D11 /* ARKAccelerometerInfo.h */,
				832FB2B91719D47100E73D11 /* ARKAccelerometerInfo.m */,
				832FB2BB171A5CFC00E73D11 /* ARKTouchInfo.h */,
				832FB2BC171A5CFC00E73D11 /* ARKTouchInfo.m */,
			);
			name = Input;
			sourceTree = "<group>";
		};
		83773659170FC1DD00F3C5E9 /* Sources */ = {
			isa = PBXGroup;
			children = (
				8377366517102DDE00F3C5E9 /* Components */,
				832FB2AA1719932D00E73D11 /* States */,
				8377365F1710267000F3C5E9 /* System */,
				83A88849170F6AD100A61787 /* main.m */,
				83A8884C170F6AD100A61787 /* AppDelegate.h */,
				83A8884D170F6AD100A61787 /* AppDelegate.m */,
				83A88859170F6AD100A61787 /* ViewController.h */,
				83A8885A170F6AD100A61787 /* ViewController.m */,
			);
			name = Sources;
			path = src;
			sourceTree = "<group>";
		};
		8377365A170FC1E400F3C5E9 /* Resources */ = {
			isa = PBXGroup;
			children = (
				83A8884F170F6AD100A61787 /* Default.png */,
				83A88851170F6AD100A61787 /* Default@2x.png */,
				83A88853170F6AD100A61787 /* Default-568h@2x.png */,
			);
			name = Resources;
			path = res;
			sourceTree = "<group>";
		};
		8377365B170FFFE200F3C5E9 /* Assets */ = {
			isa = PBXGroup;
			children = (
				8310BDF4171C0AC0007E4224 /* pixel.json */,
				832FB2991716ACC200E73D11 /* ship.json */,
				832FB28C171562E200E73D11 /* textures */,
			);
			name = Assets;
			sourceTree = "<group>";
		};
		8377365F1710267000F3C5E9 /* System */ = {
			isa = PBXGroup;
			children = (
				832FB2A4171808D000E73D11 /* ARKSystem.h */,
				832FB2A1171807F400E73D11 /* ARKUtilities.h */,
				832FB2A2171807F500E73D11 /* ARKUtilities.m */,
				832FB2C2171A685000E73D11 /* ARKRecordWriter.h */,
				832FB2C3171A685200E73D11 /* ARKRecordWriter.m */,
				832FB2A5171821F200E73D11 /* iOS */,
				837736601710267900F3C5E9 /* Image */,
				832FB2B71719D43200E73D11 /* Input */,
				832FB2911715DB0200E73D11 /* Resource */,
			);
			name = System;
			sourceTree = "<group>";
		};
		837736601710267900F3C5E9 /* Image */ = {
			isa = PBXGroup;
			children = (
				837736621710285400F3C5E9 /* ARKImage.h */,
				837736631710285400F3C5E9 /* ARKImage.m */,
				8310BDE3171A7F9D007E4224 /* ARKSprite.h */,
				8310BDE4171A7F9D007E4224 /* ARKSprite.m */,
				8379C490171EF1D1005F457C /* ARKLabel.h */,
				8379C491171EF1D1005F457C /* ARKLabel.m */,
				832FB27E171525F100E73D11 /* ARKTexture.h */,
				832FB27F171525F100E73D11 /* ARKTexture.m */,
				8310BDE9171BC672007E4224 /* ARKBitmapFont.h */,
				8310BDEA171BC673007E4224 /* ARKBitmapFont.m */,
				837736611710270600F3C5E9 /* iOS */,
			);
			name = Image;
			sourceTree = "<group>";
		};
		837736611710270600F3C5E9 /* iOS */ = {
			isa = PBXGroup;
			children = (
				8377366C171046EB00F3C5E9 /* ARKiOSImage.h */,
				8377366D171046EB00F3C5E9 /* ARKiOSImage.m */,
				8379C493171F0A3D005F457C /* ARKiOSLabel.h */,
				8379C494171F0A3D005F457C /* ARKiOSLabel.m */,
				832FB2811715275A00E73D11 /* ARKiOSTexture.h */,
				832FB2821715275A00E73D11 /* ARKiOSTexture.m */,
				8310BDEC171BCC4F007E4224 /* ARKiOSBitmapFont.h */,
				8310BDED171BCC4F007E4224 /* ARKiOSBitmapFont.m */,
				8310BDEF171C00EC007E4224 /* ARKBitmapChar.h */,
				8310BDF0171C00EC007E4224 /* ARKBitmapChar.m */,
				8379C499171F0AF0005F457C /* ARKiOSSprite.h */,
				8379C49A171F0AF0005F457C /* ARKiOSSprite.m */,
			);
			name = iOS;
			sourceTree = "<group>";
		};
		8377366517102DDE00F3C5E9 /* Components */ = {
			isa = PBXGroup;
			children = (
				8377366617102E2300F3C5E9 /* ARKDrawable.h */,
				8377366717102E2300F3C5E9 /* ARKDrawable.m */,
				8377366917103ED900F3C5E9 /* ARKCroppable.h */,
				8377366A17103ED900F3C5E9 /* ARKCroppable.m */,
			);
			name = Components;
			sourceTree = "<group>";
		};
		83A8882D170F6AD100A61787 = {
			isa = PBXGroup;
			children = (
				83773659170FC1DD00F3C5E9 /* Sources */,
				8377365B170FFFE200F3C5E9 /* Assets */,
				8377365A170FC1E400F3C5E9 /* Resources */,
				83A88843170F6AD100A61787 /* Ark Framework */,
				83A88838170F6AD100A61787 /* Frameworks */,
				83A88837170F6AD100A61787 /* Products */,
			);
			sourceTree = "<group>";
		};
		83A88837170F6AD100A61787 /* Products */ = {
			isa = PBXGroup;
			children = (
				83A88836170F6AD100A61787 /* Ark Framework.app */,
			);
			name = Products;
			sourceTree = "<group>";
		};
		83A88838170F6AD100A61787 /* Frameworks */ = {
			isa = PBXGroup;
			children = (
				83A88839170F6AD100A61787 /* UIKit.framework */,
				83A8883B170F6AD100A61787 /* Foundation.framework */,
				83A8883D170F6AD100A61787 /* CoreGraphics.framework */,
				83A8883F170F6AD100A61787 /* GLKit.framework */,
				83A88841170F6AD100A61787 /* OpenGLES.framework */,
			);
			name = Frameworks;
			sourceTree = "<group>";
		};
		83A88843170F6AD100A61787 /* Ark Framework */ = {
			isa = PBXGroup;
			children = (
				83A88845170F6AD100A61787 /* Ark Framework-Info.plist */,
				83A8884B170F6AD100A61787 /* Ark Framework-Prefix.pch */,
				83A88846170F6AD100A61787 /* InfoPlist.strings */,
				83A8885C170F6AD100A61787 /* ViewController_iPhone.xib */,
				83A8885F170F6AD100A61787 /* ViewController_iPad.xib */,
			);
			name = "Ark Framework";
			sourceTree = "<group>";
		};
/* End PBXGroup section */

/* Begin PBXNativeTarget section */
		83A88835170F6AD100A61787 /* Ark Framework */ = {
			isa = PBXNativeTarget;
			buildConfigurationList = 83A88864170F6AD100A61787 /* Build configuration list for PBXNativeTarget "Ark Framework" */;
			buildPhases = (
				83A88832170F6AD100A61787 /* Sources */,
				83A88833170F6AD100A61787 /* Frameworks */,
				83A88834170F6AD100A61787 /* Resources */,
			);
			buildRules = (
			);
			dependencies = (
			);
			name = "Ark Framework";
			productName = "Ark Framework";
			productReference = 83A88836170F6AD100A61787 /* Ark Framework.app */;
			productType = "com.apple.product-type.application";
		};
/* End PBXNativeTarget section */

/* Begin PBXProject section */
		83A8882E170F6AD100A61787 /* Project object */ = {
			isa = PBXProject;
			attributes = {
				LastUpgradeCheck = 0460;
				ORGANIZATIONNAME = LegACy;
			};
			buildConfigurationList = 83A88831170F6AD100A61787 /* Build configuration list for PBXProject "Ark Framework" */;
			compatibilityVersion = "Xcode 3.2";
			developmentRegion = English;
			hasScannedForEncodings = 0;
			knownRegions = (
				en,
			);
			mainGroup = 83A8882D170F6AD100A61787;
			productRefGroup = 83A88837170F6AD100A61787 /* Products */;
			projectDirPath = "";
			projectRoot = "";
			targets = (
				83A88835170F6AD100A61787 /* Ark Framework */,
			);
		};
/* End PBXProject section */

/* Begin PBXResourcesBuildPhase section */
		83A88834170F6AD100A61787 /* Resources */ = {
			isa = PBXResourcesBuildPhase;
			buildActionMask = 2147483647;
			files = (
				83A88848170F6AD100A61787 /* InfoPlist.strings in Resources */,
				83A88850170F6AD100A61787 /* Default.png in Resources */,
				83A88852170F6AD100A61787 /* Default@2x.png in Resources */,
				83A88854170F6AD100A61787 /* Default-568h@2x.png in Resources */,
				83A8885E170F6AD100A61787 /* ViewController_iPhone.xib in Resources */,
				83A88861170F6AD100A61787 /* ViewController_iPad.xib in Resources */,
				832FB28D171562E200E73D11 /* textures in Resources */,
				832FB29A1716ACC200E73D11 /* ship.json in Resources */,
				8310BDF5171C0AC0007E4224 /* pixel.json in Resources */,
			);
			runOnlyForDeploymentPostprocessing = 0;
		};
/* End PBXResourcesBuildPhase section */

/* Begin PBXSourcesBuildPhase section */
		83A88832170F6AD100A61787 /* Sources */ = {
			isa = PBXSourcesBuildPhase;
			buildActionMask = 2147483647;
			files = (
				83A8884A170F6AD100A61787 /* main.m in Sources */,
				83A8884E170F6AD100A61787 /* AppDelegate.m in Sources */,
				83A8885B170F6AD100A61787 /* ViewController.m in Sources */,
				837736641710285400F3C5E9 /* ARKImage.m in Sources */,
				8377366817102E2300F3C5E9 /* ARKDrawable.m in Sources */,
				8377366B17103ED900F3C5E9 /* ARKCroppable.m in Sources */,
				8377366E171046EB00F3C5E9 /* ARKiOSImage.m in Sources */,
				832FB280171525F100E73D11 /* ARKTexture.m in Sources */,
				832FB2831715275A00E73D11 /* ARKiOSTexture.m in Sources */,
				832FB2941715DB2100E73D11 /* ARKResourceManager.m in Sources */,
				832FB2981715DB9D00E73D11 /* ARKiOSResourceManager.m in Sources */,
				832FB29D1716B5A700E73D11 /* ARKLoadable.m in Sources */,
				832FB2A01716C42200E73D11 /* ARKLoadableTexture.m in Sources */,
				832FB2A3171807F500E73D11 /* ARKUtilities.m in Sources */,
				832FB2A81718226B00E73D11 /* ARKiOSUtilities.m in Sources */,
				832FB2AD1719936A00E73D11 /* ARKGameState.m in Sources */,
				832FB2BA1719D47100E73D11 /* ARKAccelerometerInfo.m in Sources */,
				832FB2BD171A5CFC00E73D11 /* ARKTouchInfo.m in Sources */,
				832FB2C4171A685800E73D11 /* ARKRecordWriter.m in Sources */,
				832FB2C7171A68EE00E73D11 /* ARKiOSRecordWriter.m in Sources */,
				8310BDE5171A7F9D007E4224 /* ARKSprite.m in Sources */,
				8310BDEB171BC673007E4224 /* ARKBitmapFont.m in Sources */,
				8310BDEE171BCC4F007E4224 /* ARKiOSBitmapFont.m in Sources */,
				8310BDF1171C00EC007E4224 /* ARKBitmapChar.m in Sources */,
				8379C492171EF1D1005F457C /* ARKLabel.m in Sources */,
				8379C495171F0A3D005F457C /* ARKiOSLabel.m in Sources */,
				8379C49B171F0AF0005F457C /* ARKiOSSprite.m in Sources */,
			);
			runOnlyForDeploymentPostprocessing = 0;
		};
/* End PBXSourcesBuildPhase section */

/* Begin PBXVariantGroup section */
		83A88846170F6AD100A61787 /* InfoPlist.strings */ = {
			isa = PBXVariantGroup;
			children = (
				83A88847170F6AD100A61787 /* en */,
			);
			name = InfoPlist.strings;
			sourceTree = "<group>";
		};
		83A8885C170F6AD100A61787 /* ViewController_iPhone.xib */ = {
			isa = PBXVariantGroup;
			children = (
				83A8885D170F6AD100A61787 /* en */,
			);
			name = ViewController_iPhone.xib;
			sourceTree = "<group>";
		};
		83A8885F170F6AD100A61787 /* ViewController_iPad.xib */ = {
			isa = PBXVariantGroup;
			children = (
				83A88860170F6AD100A61787 /* en */,
			);
			name = ViewController_iPad.xib;
			sourceTree = "<group>";
		};
/* End PBXVariantGroup section */

/* Begin XCBuildConfiguration section */
		83A88862170F6AD100A61787 /* Debug */ = {
			isa = XCBuildConfiguration;
			buildSettings = {
				ALWAYS_SEARCH_USER_PATHS = NO;
				CLANG_CXX_LANGUAGE_STANDARD = "gnu++0x";
				CLANG_CXX_LIBRARY = "libc++";
				CLANG_ENABLE_OBJC_ARC = YES;
				CLANG_WARN_CONSTANT_CONVERSION = YES;
				CLANG_WARN_EMPTY_BODY = YES;
				CLANG_WARN_ENUM_CONVERSION = YES;
				CLANG_WARN_INT_CONVERSION = YES;
				CLANG_WARN__DUPLICATE_METHOD_MATCH = YES;
				"CODE_SIGN_IDENTITY[sdk=iphoneos*]" = "iPhone Developer";
				COPY_PHASE_STRIP = NO;
				GCC_C_LANGUAGE_STANDARD = gnu99;
				GCC_DYNAMIC_NO_PIC = NO;
				GCC_OPTIMIZATION_LEVEL = 0;
				GCC_PREPROCESSOR_DEFINITIONS = (
					"DEBUG=1",
					"$(inherited)",
				);
				GCC_SYMBOLS_PRIVATE_EXTERN = NO;
				GCC_WARN_ABOUT_RETURN_TYPE = YES;
				GCC_WARN_UNINITIALIZED_AUTOS = YES;
				GCC_WARN_UNUSED_VARIABLE = YES;
				IPHONEOS_DEPLOYMENT_TARGET = 6.1;
				ONLY_ACTIVE_ARCH = YES;
				SDKROOT = iphoneos;
				TARGETED_DEVICE_FAMILY = "1,2";
			};
			name = Debug;
		};
		83A88863170F6AD100A61787 /* Release */ = {
			isa = XCBuildConfiguration;
			buildSettings = {
				ALWAYS_SEARCH_USER_PATHS = NO;
				CLANG_CXX_LANGUAGE_STANDARD = "gnu++0x";
				CLANG_CXX_LIBRARY = "libc++";
				CLANG_ENABLE_OBJC_ARC = YES;
				CLANG_WARN_CONSTANT_CONVERSION = YES;
				CLANG_WARN_EMPTY_BODY = YES;
				CLANG_WARN_ENUM_CONVERSION = YES;
				CLANG_WARN_INT_CONVERSION = YES;
				CLANG_WARN__DUPLICATE_METHOD_MATCH = YES;
				"CODE_SIGN_IDENTITY[sdk=iphoneos*]" = "iPhone Developer";
				COPY_PHASE_STRIP = YES;
				GCC_C_LANGUAGE_STANDARD = gnu99;
				GCC_WARN_ABOUT_RETURN_TYPE = YES;
				GCC_WARN_UNINITIALIZED_AUTOS = YES;
				GCC_WARN_UNUSED_VARIABLE = YES;
				IPHONEOS_DEPLOYMENT_TARGET = 6.1;
				OTHER_CFLAGS = "-DNS_BLOCK_ASSERTIONS=1";
				SDKROOT = iphoneos;
				TARGETED_DEVICE_FAMILY = "1,2";
				VALIDATE_PRODUCT = YES;
			};
			name = Release;
		};
		83A88865170F6AD100A61787 /* Debug */ = {
			isa = XCBuildConfiguration;
			buildSettings = {
				GCC_PRECOMPILE_PREFIX_HEADER = YES;
				GCC_PREFIX_HEADER = "Ark Framework-Prefix.pch";
				INFOPLIST_FILE = "Ark Framework-Info.plist";
				PRODUCT_NAME = "$(TARGET_NAME)";
				WRAPPER_EXTENSION = app;
			};
			name = Debug;
		};
		83A88866170F6AD100A61787 /* Release */ = {
			isa = XCBuildConfiguration;
			buildSettings = {
				GCC_PRECOMPILE_PREFIX_HEADER = YES;
				GCC_PREFIX_HEADER = "Ark Framework-Prefix.pch";
				INFOPLIST_FILE = "Ark Framework-Info.plist";
				PRODUCT_NAME = "$(TARGET_NAME)";
				WRAPPER_EXTENSION = app;
			};
			name = Release;
		};
/* End XCBuildConfiguration section */

/* Begin XCConfigurationList section */
		83A88831170F6AD100A61787 /* Build configuration list for PBXProject "Ark Framework" */ = {
			isa = XCConfigurationList;
			buildConfigurations = (
				83A88862170F6AD100A61787 /* Debug */,
				83A88863170F6AD100A61787 /* Release */,
			);
			defaultConfigurationIsVisible = 0;
			defaultConfigurationName = Release;
		};
		83A88864170F6AD100A61787 /* Build configuration list for PBXNativeTarget "Ark Framework" */ = {
			isa = XCConfigurationList;
			buildConfigurations = (
				83A88865170F6AD100A61787 /* Debug */,
				83A88866170F6AD100A61787 /* Release */,
			);
			defaultConfigurationIsVisible = 0;
			defaultConfigurationName = Release;
		};
/* End XCConfigurationList section */
	};
	rootObject = 83A8882E170F6AD100A61787 /* Project object */;
}
