// !$*UTF8*$!
{
	archiveVersion = 1;
	classes = {
	};
	objectVersion = 46;
	objects = {

/* Begin PBXBuildFile section */
		8358F7A5172C0964006B8AC3 /* HoleState.m in Sources */ = {isa = PBXBuildFile; fileRef = 8358F79E172C0964006B8AC3 /* HoleState.m */; };
		8358F7A6172C0964006B8AC3 /* HoleStateFactory.m in Sources */ = {isa = PBXBuildFile; fileRef = 8358F7A0172C0964006B8AC3 /* HoleStateFactory.m */; };
		8358F7A7172C0964006B8AC3 /* StateGame.m in Sources */ = {isa = PBXBuildFile; fileRef = 8358F7A2172C0964006B8AC3 /* StateGame.m */; };
		8358F7A8172C0964006B8AC3 /* StateTitle.m in Sources */ = {isa = PBXBuildFile; fileRef = 8358F7A4172C0964006B8AC3 /* StateTitle.m */; };
		8358F7AB172C0A6C006B8AC3 /* audio in Resources */ = {isa = PBXBuildFile; fileRef = 8358F7A9172C0A6C006B8AC3 /* audio */; };
		8358F7AC172C0A6C006B8AC3 /* textures in Resources */ = {isa = PBXBuildFile; fileRef = 8358F7AA172C0A6C006B8AC3 /* textures */; };
		8358F7B6172C0B38006B8AC3 /* AVFoundation.framework in Frameworks */ = {isa = PBXBuildFile; fileRef = 8358F7B5172C0B38006B8AC3 /* AVFoundation.framework */; };
		8358F7BB172CCC25006B8AC3 /* HoleUtilities.m in Sources */ = {isa = PBXBuildFile; fileRef = 8358F7BA172CCC25006B8AC3 /* HoleUtilities.m */; };
		8358F7BE172CD0D2006B8AC3 /* RecordLoader.m in Sources */ = {isa = PBXBuildFile; fileRef = 8358F7BD172CD0D2006B8AC3 /* RecordLoader.m */; };
		8358F7C1172CD182006B8AC3 /* LoaderLatest.m in Sources */ = {isa = PBXBuildFile; fileRef = 8358F7C0172CD182006B8AC3 /* LoaderLatest.m */; };
		8358F7C4172CD46F006B8AC3 /* RecordManager.m in Sources */ = {isa = PBXBuildFile; fileRef = 8358F7C3172CD46F006B8AC3 /* RecordManager.m */; };
		8358F7C7172CDB71006B8AC3 /* data in Resources */ = {isa = PBXBuildFile; fileRef = 8358F7C5172CDB71006B8AC3 /* data */; };
		8358F7C8172CDB71006B8AC3 /* images in Resources */ = {isa = PBXBuildFile; fileRef = 8358F7C6172CDB71006B8AC3 /* images */; };
		8358F7CB172CFC61006B8AC3 /* Bullet.m in Sources */ = {isa = PBXBuildFile; fileRef = 8358F7CA172CFC61006B8AC3 /* Bullet.m */; };
		8358F7CE172D0834006B8AC3 /* Wormhole.m in Sources */ = {isa = PBXBuildFile; fileRef = 8358F7CD172D0834006B8AC3 /* Wormhole.m */; };
		8358F7D2172D7C45006B8AC3 /* FloatingLabel.m in Sources */ = {isa = PBXBuildFile; fileRef = 8358F7D1172D7C45006B8AC3 /* FloatingLabel.m */; };
		8358F7D5172E5084006B8AC3 /* StatePause.m in Sources */ = {isa = PBXBuildFile; fileRef = 8358F7D4172E5084006B8AC3 /* StatePause.m */; };
		8358F7D8172E5843006B8AC3 /* StateResult.m in Sources */ = {isa = PBXBuildFile; fileRef = 8358F7D7172E5843006B8AC3 /* StateResult.m */; };
		8358F7EC172EEE3D006B8AC3 /* icon.png in Resources */ = {isa = PBXBuildFile; fileRef = 8358F7EB172EEE3D006B8AC3 /* icon.png */; };
		8358F7EE172EEE47006B8AC3 /* icon@2x.png in Resources */ = {isa = PBXBuildFile; fileRef = 8358F7ED172EEE46006B8AC3 /* icon@2x.png */; };
		8358F7F0172EEE56006B8AC3 /* Default.png in Resources */ = {isa = PBXBuildFile; fileRef = 8358F7EF172EEE56006B8AC3 /* Default.png */; };
		8358F7F2172EEE5D006B8AC3 /* Default@2x.png in Resources */ = {isa = PBXBuildFile; fileRef = 8358F7F1172EEE5D006B8AC3 /* Default@2x.png */; };
		8358F7F4172EEE68006B8AC3 /* Default-568h@2x.png in Resources */ = {isa = PBXBuildFile; fileRef = 8358F7F3172EEE68006B8AC3 /* Default-568h@2x.png */; };
		8358F7F7172EF021006B8AC3 /* icon-Small.png in Resources */ = {isa = PBXBuildFile; fileRef = 8358F7F5172EF021006B8AC3 /* icon-Small.png */; };
		8358F7F8172EF021006B8AC3 /* icon-Small@2x.png in Resources */ = {isa = PBXBuildFile; fileRef = 8358F7F6172EF021006B8AC3 /* icon-Small@2x.png */; };
		83F14C5C172BD8C00083C11E /* UIKit.framework in Frameworks */ = {isa = PBXBuildFile; fileRef = 83F14C5B172BD8C00083C11E /* UIKit.framework */; };
		83F14C5E172BD8C00083C11E /* Foundation.framework in Frameworks */ = {isa = PBXBuildFile; fileRef = 83F14C5D172BD8C00083C11E /* Foundation.framework */; };
		83F14C60172BD8C00083C11E /* CoreGraphics.framework in Frameworks */ = {isa = PBXBuildFile; fileRef = 83F14C5F172BD8C00083C11E /* CoreGraphics.framework */; };
		83F14C62172BD8C00083C11E /* GLKit.framework in Frameworks */ = {isa = PBXBuildFile; fileRef = 83F14C61172BD8C00083C11E /* GLKit.framework */; };
		83F14C64172BD8C00083C11E /* OpenGLES.framework in Frameworks */ = {isa = PBXBuildFile; fileRef = 83F14C63172BD8C00083C11E /* OpenGLES.framework */; };
		83F14C6A172BD8C00083C11E /* InfoPlist.strings in Resources */ = {isa = PBXBuildFile; fileRef = 83F14C68172BD8C00083C11E /* InfoPlist.strings */; };
		83F14C6C172BD8C00083C11E /* main.m in Sources */ = {isa = PBXBuildFile; fileRef = 83F14C6B172BD8C00083C11E /* main.m */; };
		83F14C70172BD8C00083C11E /* AppDelegate.m in Sources */ = {isa = PBXBuildFile; fileRef = 83F14C6F172BD8C00083C11E /* AppDelegate.m */; };
		83F14C80172BD8C00083C11E /* ViewController_iPhone.xib in Resources */ = {isa = PBXBuildFile; fileRef = 83F14C7E172BD8C00083C11E /* ViewController_iPhone.xib */; };
		83F14C83172BD8C00083C11E /* ViewController_iPad.xib in Resources */ = {isa = PBXBuildFile; fileRef = 83F14C81172BD8C00083C11E /* ViewController_iPad.xib */; };
		83F14D96172C041F0083C11E /* ARKFramework.framework in Frameworks */ = {isa = PBXBuildFile; fileRef = 83F14D95172C041F0083C11E /* ARKFramework.framework */; };
/* End PBXBuildFile section */

/* Begin PBXFileReference section */
		8358F79D172C0964006B8AC3 /* HoleState.h */ = {isa = PBXFileReference; fileEncoding = 4; lastKnownFileType = sourcecode.c.h; path = HoleState.h; sourceTree = "<group>"; };
		8358F79E172C0964006B8AC3 /* HoleState.m */ = {isa = PBXFileReference; fileEncoding = 4; lastKnownFileType = sourcecode.c.objc; path = HoleState.m; sourceTree = "<group>"; };
		8358F79F172C0964006B8AC3 /* HoleStateFactory.h */ = {isa = PBXFileReference; fileEncoding = 4; lastKnownFileType = sourcecode.c.h; path = HoleStateFactory.h; sourceTree = "<group>"; };
		8358F7A0172C0964006B8AC3 /* HoleStateFactory.m */ = {isa = PBXFileReference; fileEncoding = 4; lastKnownFileType = sourcecode.c.objc; path = HoleStateFactory.m; sourceTree = "<group>"; };
		8358F7A1172C0964006B8AC3 /* StateGame.h */ = {isa = PBXFileReference; fileEncoding = 4; lastKnownFileType = sourcecode.c.h; path = StateGame.h; sourceTree = "<group>"; };
		8358F7A2172C0964006B8AC3 /* StateGame.m */ = {isa = PBXFileReference; fileEncoding = 4; lastKnownFileType = sourcecode.c.objc; path = StateGame.m; sourceTree = "<group>"; };
		8358F7A3172C0964006B8AC3 /* StateTitle.h */ = {isa = PBXFileReference; fileEncoding = 4; lastKnownFileType = sourcecode.c.h; path = StateTitle.h; sourceTree = "<group>"; };
		8358F7A4172C0964006B8AC3 /* StateTitle.m */ = {isa = PBXFileReference; fileEncoding = 4; lastKnownFileType = sourcecode.c.objc; path = StateTitle.m; sourceTree = "<group>"; };
		8358F7A9172C0A6C006B8AC3 /* audio */ = {isa = PBXFileReference; lastKnownFileType = folder; path = audio; sourceTree = "<group>"; };
		8358F7AA172C0A6C006B8AC3 /* textures */ = {isa = PBXFileReference; lastKnownFileType = folder; path = textures; sourceTree = "<group>"; };
		8358F7B5172C0B38006B8AC3 /* AVFoundation.framework */ = {isa = PBXFileReference; lastKnownFileType = wrapper.framework; name = AVFoundation.framework; path = System/Library/Frameworks/AVFoundation.framework; sourceTree = SDKROOT; };
		8358F7B9172CCC25006B8AC3 /* HoleUtilities.h */ = {isa = PBXFileReference; fileEncoding = 4; lastKnownFileType = sourcecode.c.h; path = HoleUtilities.h; sourceTree = "<group>"; };
		8358F7BA172CCC25006B8AC3 /* HoleUtilities.m */ = {isa = PBXFileReference; fileEncoding = 4; lastKnownFileType = sourcecode.c.objc; path = HoleUtilities.m; sourceTree = "<group>"; };
		8358F7BC172CCEAA006B8AC3 /* RecordLoader.h */ = {isa = PBXFileReference; lastKnownFileType = sourcecode.c.h; path = RecordLoader.h; sourceTree = "<group>"; };
		8358F7BD172CD0D2006B8AC3 /* RecordLoader.m */ = {isa = PBXFileReference; fileEncoding = 4; lastKnownFileType = sourcecode.c.objc; path = RecordLoader.m; sourceTree = "<group>"; };
		8358F7BF172CD182006B8AC3 /* LoaderLatest.h */ = {isa = PBXFileReference; fileEncoding = 4; lastKnownFileType = sourcecode.c.h; path = LoaderLatest.h; sourceTree = "<group>"; };
		8358F7C0172CD182006B8AC3 /* LoaderLatest.m */ = {isa = PBXFileReference; fileEncoding = 4; lastKnownFileType = sourcecode.c.objc; path = LoaderLatest.m; sourceTree = "<group>"; };
		8358F7C2172CD46F006B8AC3 /* RecordManager.h */ = {isa = PBXFileReference; fileEncoding = 4; lastKnownFileType = sourcecode.c.h; path = RecordManager.h; sourceTree = "<group>"; };
		8358F7C3172CD46F006B8AC3 /* RecordManager.m */ = {isa = PBXFileReference; fileEncoding = 4; lastKnownFileType = sourcecode.c.objc; path = RecordManager.m; sourceTree = "<group>"; };
		8358F7C5172CDB71006B8AC3 /* data */ = {isa = PBXFileReference; lastKnownFileType = folder; path = data; sourceTree = "<group>"; };
		8358F7C6172CDB71006B8AC3 /* images */ = {isa = PBXFileReference; lastKnownFileType = folder; path = images; sourceTree = "<group>"; };
		8358F7C9172CFC61006B8AC3 /* Bullet.h */ = {isa = PBXFileReference; fileEncoding = 4; lastKnownFileType = sourcecode.c.h; path = Bullet.h; sourceTree = "<group>"; };
		8358F7CA172CFC61006B8AC3 /* Bullet.m */ = {isa = PBXFileReference; fileEncoding = 4; lastKnownFileType = sourcecode.c.objc; path = Bullet.m; sourceTree = "<group>"; };
		8358F7CC172D0834006B8AC3 /* Wormhole.h */ = {isa = PBXFileReference; fileEncoding = 4; lastKnownFileType = sourcecode.c.h; path = Wormhole.h; sourceTree = "<group>"; };
		8358F7CD172D0834006B8AC3 /* Wormhole.m */ = {isa = PBXFileReference; fileEncoding = 4; lastKnownFileType = sourcecode.c.objc; path = Wormhole.m; sourceTree = "<group>"; };
		8358F7D0172D7C45006B8AC3 /* FloatingLabel.h */ = {isa = PBXFileReference; fileEncoding = 4; lastKnownFileType = sourcecode.c.h; path = FloatingLabel.h; sourceTree = "<group>"; };
		8358F7D1172D7C45006B8AC3 /* FloatingLabel.m */ = {isa = PBXFileReference; fileEncoding = 4; lastKnownFileType = sourcecode.c.objc; path = FloatingLabel.m; sourceTree = "<group>"; };
		8358F7D3172E5083006B8AC3 /* StatePause.h */ = {isa = PBXFileReference; fileEncoding = 4; lastKnownFileType = sourcecode.c.h; path = StatePause.h; sourceTree = "<group>"; };
		8358F7D4172E5084006B8AC3 /* StatePause.m */ = {isa = PBXFileReference; fileEncoding = 4; lastKnownFileType = sourcecode.c.objc; path = StatePause.m; sourceTree = "<group>"; };
		8358F7D6172E5843006B8AC3 /* StateResult.h */ = {isa = PBXFileReference; fileEncoding = 4; lastKnownFileType = sourcecode.c.h; path = StateResult.h; sourceTree = "<group>"; };
		8358F7D7172E5843006B8AC3 /* StateResult.m */ = {isa = PBXFileReference; fileEncoding = 4; lastKnownFileType = sourcecode.c.objc; path = StateResult.m; sourceTree = "<group>"; };
		8358F7EB172EEE3D006B8AC3 /* icon.png */ = {isa = PBXFileReference; lastKnownFileType = image.png; path = icon.png; sourceTree = "<group>"; };
		8358F7ED172EEE46006B8AC3 /* icon@2x.png */ = {isa = PBXFileReference; lastKnownFileType = image.png; path = "icon@2x.png"; sourceTree = "<group>"; };
		8358F7EF172EEE56006B8AC3 /* Default.png */ = {isa = PBXFileReference; lastKnownFileType = image.png; path = Default.png; sourceTree = "<group>"; };
		8358F7F1172EEE5D006B8AC3 /* Default@2x.png */ = {isa = PBXFileReference; lastKnownFileType = image.png; path = "Default@2x.png"; sourceTree = "<group>"; };
		8358F7F3172EEE68006B8AC3 /* Default-568h@2x.png */ = {isa = PBXFileReference; lastKnownFileType = image.png; path = "Default-568h@2x.png"; sourceTree = "<group>"; };
		8358F7F5172EF021006B8AC3 /* icon-Small.png */ = {isa = PBXFileReference; lastKnownFileType = image.png; path = "icon-Small.png"; sourceTree = "<group>"; };
		8358F7F6172EF021006B8AC3 /* icon-Small@2x.png */ = {isa = PBXFileReference; lastKnownFileType = image.png; path = "icon-Small@2x.png"; sourceTree = "<group>"; };
		83F14C58172BD8C00083C11E /* Black Holes.app */ = {isa = PBXFileReference; explicitFileType = wrapper.application; includeInIndex = 0; path = "Black Holes.app"; sourceTree = BUILT_PRODUCTS_DIR; };
		83F14C5B172BD8C00083C11E /* UIKit.framework */ = {isa = PBXFileReference; lastKnownFileType = wrapper.framework; name = UIKit.framework; path = System/Library/Frameworks/UIKit.framework; sourceTree = SDKROOT; };
		83F14C5D172BD8C00083C11E /* Foundation.framework */ = {isa = PBXFileReference; lastKnownFileType = wrapper.framework; name = Foundation.framework; path = System/Library/Frameworks/Foundation.framework; sourceTree = SDKROOT; };
		83F14C5F172BD8C00083C11E /* CoreGraphics.framework */ = {isa = PBXFileReference; lastKnownFileType = wrapper.framework; name = CoreGraphics.framework; path = System/Library/Frameworks/CoreGraphics.framework; sourceTree = SDKROOT; };
		83F14C61172BD8C00083C11E /* GLKit.framework */ = {isa = PBXFileReference; lastKnownFileType = wrapper.framework; name = GLKit.framework; path = System/Library/Frameworks/GLKit.framework; sourceTree = SDKROOT; };
		83F14C63172BD8C00083C11E /* OpenGLES.framework */ = {isa = PBXFileReference; lastKnownFileType = wrapper.framework; name = OpenGLES.framework; path = System/Library/Frameworks/OpenGLES.framework; sourceTree = SDKROOT; };
		83F14C67172BD8C00083C11E /* ARK Framework Example-Info.plist */ = {isa = PBXFileReference; lastKnownFileType = text.plist.xml; path = "ARK Framework Example-Info.plist"; sourceTree = "<group>"; };
		83F14C69172BD8C00083C11E /* en */ = {isa = PBXFileReference; lastKnownFileType = text.plist.strings; name = en; path = en.lproj/InfoPlist.strings; sourceTree = "<group>"; };
		83F14C6B172BD8C00083C11E /* main.m */ = {isa = PBXFileReference; lastKnownFileType = sourcecode.c.objc; path = main.m; sourceTree = "<group>"; };
		83F14C6D172BD8C00083C11E /* ARK Framework Example-Prefix.pch */ = {isa = PBXFileReference; lastKnownFileType = sourcecode.c.h; path = "ARK Framework Example-Prefix.pch"; sourceTree = "<group>"; };
		83F14C6E172BD8C00083C11E /* AppDelegate.h */ = {isa = PBXFileReference; lastKnownFileType = sourcecode.c.h; path = AppDelegate.h; sourceTree = "<group>"; };
		83F14C6F172BD8C00083C11E /* AppDelegate.m */ = {isa = PBXFileReference; lastKnownFileType = sourcecode.c.objc; path = AppDelegate.m; sourceTree = "<group>"; };
		83F14C7F172BD8C00083C11E /* en */ = {isa = PBXFileReference; lastKnownFileType = file.xib; name = en; path = en.lproj/ViewController_iPhone.xib; sourceTree = "<group>"; };
		83F14C82172BD8C00083C11E /* en */ = {isa = PBXFileReference; lastKnownFileType = file.xib; name = en; path = en.lproj/ViewController_iPad.xib; sourceTree = "<group>"; };
		83F14D95172C041F0083C11E /* ARKFramework.framework */ = {isa = PBXFileReference; lastKnownFileType = wrapper.framework; name = ARKFramework.framework; path = lib/ARKFramework.framework; sourceTree = SOURCE_ROOT; };
/* End PBXFileReference section */

/* Begin PBXFrameworksBuildPhase section */
		83F14C55172BD8C00083C11E /* Frameworks */ = {
			isa = PBXFrameworksBuildPhase;
			buildActionMask = 2147483647;
			files = (
				8358F7B6172C0B38006B8AC3 /* AVFoundation.framework in Frameworks */,
				83F14C5C172BD8C00083C11E /* UIKit.framework in Frameworks */,
				83F14C5E172BD8C00083C11E /* Foundation.framework in Frameworks */,
				83F14C60172BD8C00083C11E /* CoreGraphics.framework in Frameworks */,
				83F14C62172BD8C00083C11E /* GLKit.framework in Frameworks */,
				83F14C64172BD8C00083C11E /* OpenGLES.framework in Frameworks */,
				83F14D96172C041F0083C11E /* ARKFramework.framework in Frameworks */,
			);
			runOnlyForDeploymentPostprocessing = 0;
		};
/* End PBXFrameworksBuildPhase section */

/* Begin PBXGroup section */
		8358F7CF172D7BF7006B8AC3 /* Components */ = {
			isa = PBXGroup;
			children = (
				8358F7D0172D7C45006B8AC3 /* FloatingLabel.h */,
				8358F7D1172D7C45006B8AC3 /* FloatingLabel.m */,
			);
			name = Components;
			path = components;
			sourceTree = "<group>";
		};
		83F14C4F172BD8C00083C11E = {
			isa = PBXGroup;
			children = (
				83F14C89172BD9D50083C11E /* Sources */,
				83F14C8A172BD9E50083C11E /* Assets */,
				83F14C8B172BD9EA0083C11E /* Resources */,
				83F14C65172BD8C00083C11E /* ARK Framework Example */,
				83F14C5A172BD8C00083C11E /* Frameworks */,
				83F14C59172BD8C00083C11E /* Products */,
			);
			sourceTree = "<group>";
		};
		83F14C59172BD8C00083C11E /* Products */ = {
			isa = PBXGroup;
			children = (
				83F14C58172BD8C00083C11E /* Black Holes.app */,
			);
			name = Products;
			sourceTree = "<group>";
		};
		83F14C5A172BD8C00083C11E /* Frameworks */ = {
			isa = PBXGroup;
			children = (
				83F14C5D172BD8C00083C11E /* Foundation.framework */,
				8358F7B5172C0B38006B8AC3 /* AVFoundation.framework */,
				83F14D95172C041F0083C11E /* ARKFramework.framework */,
				83F14C5F172BD8C00083C11E /* CoreGraphics.framework */,
				83F14C63172BD8C00083C11E /* OpenGLES.framework */,
				83F14C61172BD8C00083C11E /* GLKit.framework */,
				83F14C5B172BD8C00083C11E /* UIKit.framework */,
			);
			name = Frameworks;
			sourceTree = "<group>";
		};
		83F14C65172BD8C00083C11E /* ARK Framework Example */ = {
			isa = PBXGroup;
			children = (
				83F14C68172BD8C00083C11E /* InfoPlist.strings */,
				83F14C67172BD8C00083C11E /* ARK Framework Example-Info.plist */,
				83F14C6D172BD8C00083C11E /* ARK Framework Example-Prefix.pch */,
				83F14C7E172BD8C00083C11E /* ViewController_iPhone.xib */,
				83F14C81172BD8C00083C11E /* ViewController_iPad.xib */,
			);
			name = "ARK Framework Example";
			sourceTree = SOURCE_ROOT;
		};
		83F14C89172BD9D50083C11E /* Sources */ = {
			isa = PBXGroup;
			children = (
				83F14C6B172BD8C00083C11E /* main.m */,
				83F14C6E172BD8C00083C11E /* AppDelegate.h */,
				83F14C6F172BD8C00083C11E /* AppDelegate.m */,
				8358F7CF172D7BF7006B8AC3 /* Components */,
				83F14D97172C064A0083C11E /* Game */,
				83F14D99172C06730083C11E /* States */,
				83F14D98172C066A0083C11E /* System */,
			);
			name = Sources;
			path = src;
			sourceTree = SOURCE_ROOT;
		};
		83F14C8A172BD9E50083C11E /* Assets */ = {
			isa = PBXGroup;
			children = (
				8358F7A9172C0A6C006B8AC3 /* audio */,
				8358F7C5172CDB71006B8AC3 /* data */,
				8358F7C6172CDB71006B8AC3 /* images */,
				8358F7AA172C0A6C006B8AC3 /* textures */,
			);
			name = Assets;
			path = assets;
			sourceTree = SOURCE_ROOT;
		};
		83F14C8B172BD9EA0083C11E /* Resources */ = {
			isa = PBXGroup;
			children = (
				8358F7EB172EEE3D006B8AC3 /* icon.png */,
				8358F7ED172EEE46006B8AC3 /* icon@2x.png */,
				8358F7F5172EF021006B8AC3 /* icon-Small.png */,
				8358F7F6172EF021006B8AC3 /* icon-Small@2x.png */,
				8358F7F3172EEE68006B8AC3 /* Default-568h@2x.png */,
				8358F7F1172EEE5D006B8AC3 /* Default@2x.png */,
				8358F7EF172EEE56006B8AC3 /* Default.png */,
			);
			name = Resources;
			path = res;
			sourceTree = SOURCE_ROOT;
		};
		83F14D97172C064A0083C11E /* Game */ = {
			isa = PBXGroup;
			children = (
				8358F7C9172CFC61006B8AC3 /* Bullet.h */,
				8358F7CA172CFC61006B8AC3 /* Bullet.m */,
				8358F7CC172D0834006B8AC3 /* Wormhole.h */,
				8358F7CD172D0834006B8AC3 /* Wormhole.m */,
			);
			name = Game;
			path = game;
			sourceTree = "<group>";
		};
		83F14D98172C066A0083C11E /* System */ = {
			isa = PBXGroup;
			children = (
				8358F7B9172CCC25006B8AC3 /* HoleUtilities.h */,
				8358F7BA172CCC25006B8AC3 /* HoleUtilities.m */,
				83F14D9A172C06780083C11E /* Records */,
			);
			name = System;
			path = system;
			sourceTree = "<group>";
		};
		83F14D99172C06730083C11E /* States */ = {
			isa = PBXGroup;
			children = (
				8358F79D172C0964006B8AC3 /* HoleState.h */,
				8358F79E172C0964006B8AC3 /* HoleState.m */,
				8358F79F172C0964006B8AC3 /* HoleStateFactory.h */,
				8358F7A0172C0964006B8AC3 /* HoleStateFactory.m */,
				8358F7A1172C0964006B8AC3 /* StateGame.h */,
				8358F7A2172C0964006B8AC3 /* StateGame.m */,
				8358F7A3172C0964006B8AC3 /* StateTitle.h */,
				8358F7A4172C0964006B8AC3 /* StateTitle.m */,
				8358F7D3172E5083006B8AC3 /* StatePause.h */,
				8358F7D4172E5084006B8AC3 /* StatePause.m */,
				8358F7D6172E5843006B8AC3 /* StateResult.h */,
				8358F7D7172E5843006B8AC3 /* StateResult.m */,
			);
			name = States;
			path = states;
			sourceTree = "<group>";
		};
		83F14D9A172C06780083C11E /* Records */ = {
			isa = PBXGroup;
			children = (
				8358F7BC172CCEAA006B8AC3 /* RecordLoader.h */,
				8358F7BD172CD0D2006B8AC3 /* RecordLoader.m */,
				8358F7BF172CD182006B8AC3 /* LoaderLatest.h */,
				8358F7C0172CD182006B8AC3 /* LoaderLatest.m */,
				8358F7C2172CD46F006B8AC3 /* RecordManager.h */,
				8358F7C3172CD46F006B8AC3 /* RecordManager.m */,
			);
			name = Records;
			path = records;
			sourceTree = "<group>";
		};
/* End PBXGroup section */

/* Begin PBXNativeTarget section */
		83F14C57172BD8C00083C11E /* ARK Framework Example */ = {
			isa = PBXNativeTarget;
			buildConfigurationList = 83F14C86172BD8C00083C11E /* Build configuration list for PBXNativeTarget "ARK Framework Example" */;
			buildPhases = (
				83F14C54172BD8C00083C11E /* Sources */,
				83F14C55172BD8C00083C11E /* Frameworks */,
				83F14C56172BD8C00083C11E /* Resources */,
			);
			buildRules = (
			);
			dependencies = (
			);
			name = "ARK Framework Example";
			productName = "iOS Sample";
			productReference = 83F14C58172BD8C00083C11E /* Black Holes.app */;
			productType = "com.apple.product-type.application";
		};
/* End PBXNativeTarget section */

/* Begin PBXProject section */
		83F14C50172BD8C00083C11E /* Project object */ = {
			isa = PBXProject;
			attributes = {
				LastUpgradeCheck = 0460;
				ORGANIZATIONNAME = "Raka Mahesa";
			};
			buildConfigurationList = 83F14C53172BD8C00083C11E /* Build configuration list for PBXProject "ARK Framework Example" */;
			compatibilityVersion = "Xcode 3.2";
			developmentRegion = English;
			hasScannedForEncodings = 0;
			knownRegions = (
				en,
			);
			mainGroup = 83F14C4F172BD8C00083C11E;
			productRefGroup = 83F14C59172BD8C00083C11E /* Products */;
			projectDirPath = "";
			projectRoot = "";
			targets = (
				83F14C57172BD8C00083C11E /* ARK Framework Example */,
			);
		};
/* End PBXProject section */

/* Begin PBXResourcesBuildPhase section */
		83F14C56172BD8C00083C11E /* Resources */ = {
			isa = PBXResourcesBuildPhase;
			buildActionMask = 2147483647;
			files = (
				83F14C6A172BD8C00083C11E /* InfoPlist.strings in Resources */,
				83F14C80172BD8C00083C11E /* ViewController_iPhone.xib in Resources */,
				83F14C83172BD8C00083C11E /* ViewController_iPad.xib in Resources */,
				8358F7AB172C0A6C006B8AC3 /* audio in Resources */,
				8358F7AC172C0A6C006B8AC3 /* textures in Resources */,
				8358F7C7172CDB71006B8AC3 /* data in Resources */,
				8358F7C8172CDB71006B8AC3 /* images in Resources */,
				8358F7EC172EEE3D006B8AC3 /* icon.png in Resources */,
				8358F7EE172EEE47006B8AC3 /* icon@2x.png in Resources */,
				8358F7F0172EEE56006B8AC3 /* Default.png in Resources */,
				8358F7F2172EEE5D006B8AC3 /* Default@2x.png in Resources */,
				8358F7F4172EEE68006B8AC3 /* Default-568h@2x.png in Resources */,
				8358F7F7172EF021006B8AC3 /* icon-Small.png in Resources */,
				8358F7F8172EF021006B8AC3 /* icon-Small@2x.png in Resources */,
			);
			runOnlyForDeploymentPostprocessing = 0;
		};
/* End PBXResourcesBuildPhase section */

/* Begin PBXSourcesBuildPhase section */
		83F14C54172BD8C00083C11E /* Sources */ = {
			isa = PBXSourcesBuildPhase;
			buildActionMask = 2147483647;
			files = (
				83F14C6C172BD8C00083C11E /* main.m in Sources */,
				83F14C70172BD8C00083C11E /* AppDelegate.m in Sources */,
				8358F7A5172C0964006B8AC3 /* HoleState.m in Sources */,
				8358F7A6172C0964006B8AC3 /* HoleStateFactory.m in Sources */,
				8358F7A7172C0964006B8AC3 /* StateGame.m in Sources */,
				8358F7A8172C0964006B8AC3 /* StateTitle.m in Sources */,
				8358F7BB172CCC25006B8AC3 /* HoleUtilities.m in Sources */,
				8358F7BE172CD0D2006B8AC3 /* RecordLoader.m in Sources */,
				8358F7C1172CD182006B8AC3 /* LoaderLatest.m in Sources */,
				8358F7C4172CD46F006B8AC3 /* RecordManager.m in Sources */,
				8358F7CB172CFC61006B8AC3 /* Bullet.m in Sources */,
				8358F7CE172D0834006B8AC3 /* Wormhole.m in Sources */,
				8358F7D2172D7C45006B8AC3 /* FloatingLabel.m in Sources */,
				8358F7D5172E5084006B8AC3 /* StatePause.m in Sources */,
				8358F7D8172E5843006B8AC3 /* StateResult.m in Sources */,
			);
			runOnlyForDeploymentPostprocessing = 0;
		};
/* End PBXSourcesBuildPhase section */

/* Begin PBXVariantGroup section */
		83F14C68172BD8C00083C11E /* InfoPlist.strings */ = {
			isa = PBXVariantGroup;
			children = (
				83F14C69172BD8C00083C11E /* en */,
			);
			name = InfoPlist.strings;
			sourceTree = "<group>";
		};
		83F14C7E172BD8C00083C11E /* ViewController_iPhone.xib */ = {
			isa = PBXVariantGroup;
			children = (
				83F14C7F172BD8C00083C11E /* en */,
			);
			name = ViewController_iPhone.xib;
			sourceTree = "<group>";
		};
		83F14C81172BD8C00083C11E /* ViewController_iPad.xib */ = {
			isa = PBXVariantGroup;
			children = (
				83F14C82172BD8C00083C11E /* en */,
			);
			name = ViewController_iPad.xib;
			sourceTree = "<group>";
		};
/* End PBXVariantGroup section */

/* Begin XCBuildConfiguration section */
		83F14C84172BD8C00083C11E /* Debug */ = {
			isa = XCBuildConfiguration;
			buildSettings = {
				ALWAYS_SEARCH_USER_PATHS = NO;
				CLANG_CXX_LANGUAGE_STANDARD = "gnu++0x";
				CLANG_CXX_LIBRARY = "libc++";
				CLANG_ENABLE_OBJC_ARC = YES;
				CLANG_WARN_CONSTANT_CONVERSION = YES;
				CLANG_WARN_EMPTY_BODY = YES;
				CLANG_WARN_ENUM_CONVERSION = YES;
				CLANG_WARN_INT_CONVERSION = YES;
				CLANG_WARN__DUPLICATE_METHOD_MATCH = YES;
				CODE_SIGN_IDENTITY = "iPhone Developer: Raka Mahesa (6V8K52S2EN)";
				"CODE_SIGN_IDENTITY[sdk=iphoneos*]" = "iPhone Developer";
				COPY_PHASE_STRIP = NO;
				GCC_C_LANGUAGE_STANDARD = gnu99;
				GCC_DYNAMIC_NO_PIC = NO;
				GCC_OPTIMIZATION_LEVEL = 0;
				GCC_PREPROCESSOR_DEFINITIONS = (
					"DEBUG=1",
					"$(inherited)",
				);
				GCC_SYMBOLS_PRIVATE_EXTERN = NO;
				GCC_WARN_ABOUT_RETURN_TYPE = YES;
				GCC_WARN_UNINITIALIZED_AUTOS = YES;
				GCC_WARN_UNUSED_VARIABLE = YES;
				IPHONEOS_DEPLOYMENT_TARGET = 6.1;
				ONLY_ACTIVE_ARCH = YES;
				PROVISIONING_PROFILE = "A8EE5539-FD1C-4445-A3A0-DC97F67A347B";
				SDKROOT = iphoneos;
				TARGETED_DEVICE_FAMILY = "1,2";
			};
			name = Debug;
		};
		83F14C85172BD8C00083C11E /* Release */ = {
			isa = XCBuildConfiguration;
			buildSettings = {
				ALWAYS_SEARCH_USER_PATHS = NO;
				CLANG_CXX_LANGUAGE_STANDARD = "gnu++0x";
				CLANG_CXX_LIBRARY = "libc++";
				CLANG_ENABLE_OBJC_ARC = YES;
				CLANG_WARN_CONSTANT_CONVERSION = YES;
				CLANG_WARN_EMPTY_BODY = YES;
				CLANG_WARN_ENUM_CONVERSION = YES;
				CLANG_WARN_INT_CONVERSION = YES;
				CLANG_WARN__DUPLICATE_METHOD_MATCH = YES;
				CODE_SIGN_IDENTITY = "iPhone Developer: Raka Mahesa (6V8K52S2EN)";
				"CODE_SIGN_IDENTITY[sdk=iphoneos*]" = "iPhone Developer";
				COPY_PHASE_STRIP = YES;
				GCC_C_LANGUAGE_STANDARD = gnu99;
				GCC_WARN_ABOUT_RETURN_TYPE = YES;
				GCC_WARN_UNINITIALIZED_AUTOS = YES;
				GCC_WARN_UNUSED_VARIABLE = YES;
				IPHONEOS_DEPLOYMENT_TARGET = 6.1;
				OTHER_CFLAGS = "-DNS_BLOCK_ASSERTIONS=1";
				PROVISIONING_PROFILE = "A8EE5539-FD1C-4445-A3A0-DC97F67A347B";
				SDKROOT = iphoneos;
				TARGETED_DEVICE_FAMILY = "1,2";
				VALIDATE_PRODUCT = YES;
			};
			name = Release;
		};
		83F14C87172BD8C00083C11E /* Debug */ = {
			isa = XCBuildConfiguration;
			buildSettings = {
				FRAMEWORK_SEARCH_PATHS = (
					"$(inherited)",
					"\"$(SRCROOT)/lib\"",
				);
				GCC_PRECOMPILE_PREFIX_HEADER = YES;
				GCC_PREFIX_HEADER = "ARK Framework Example-Prefix.pch";
				INFOPLIST_FILE = "ARK Framework Example-Info.plist";
				PRODUCT_NAME = "Black Holes";
				TARGETED_DEVICE_FAMILY = 1;
				WRAPPER_EXTENSION = app;
			};
			name = Debug;
		};
		83F14C88172BD8C00083C11E /* Release */ = {
			isa = XCBuildConfiguration;
			buildSettings = {
				FRAMEWORK_SEARCH_PATHS = (
					"$(inherited)",
					"\"$(SRCROOT)/lib\"",
				);
				GCC_PRECOMPILE_PREFIX_HEADER = YES;
				GCC_PREFIX_HEADER = "ARK Framework Example-Prefix.pch";
				INFOPLIST_FILE = "ARK Framework Example-Info.plist";
				PRODUCT_NAME = "Black Holes";
				TARGETED_DEVICE_FAMILY = 1;
				WRAPPER_EXTENSION = app;
			};
			name = Release;
		};
/* End XCBuildConfiguration section */

/* Begin XCConfigurationList section */
		83F14C53172BD8C00083C11E /* Build configuration list for PBXProject "ARK Framework Example" */ = {
			isa = XCConfigurationList;
			buildConfigurations = (
				83F14C84172BD8C00083C11E /* Debug */,
				83F14C85172BD8C00083C11E /* Release */,
			);
			defaultConfigurationIsVisible = 0;
			defaultConfigurationName = Release;
		};
		83F14C86172BD8C00083C11E /* Build configuration list for PBXNativeTarget "ARK Framework Example" */ = {
			isa = XCConfigurationList;
			buildConfigurations = (
				83F14C87172BD8C00083C11E /* Debug */,
				83F14C88172BD8C00083C11E /* Release */,
			);
			defaultConfigurationIsVisible = 0;
			defaultConfigurationName = Release;
		};
/* End XCConfigurationList section */
	};
	rootObject = 83F14C50172BD8C00083C11E /* Project object */;
}
